
Microsoft Visual Studio Solution File, Format Version 12.00
# Visual Studio Version 16
VisualStudioVersion = 16.0.29424.173
MinimumVisualStudioVersion = 10.0.40219.1
Project("{2150E333-8FDC-42A3-9474-1A3956D46DE8}") = "Src", "Src", "{29144540-8D06-4188-8725-C0991EFFD02C}"
EndProject
Project("{2150E333-8FDC-42A3-9474-1A3956D46DE8}") = "Tests", "Tests", "{0A961049-1604-4476-90C2-9F6706D42E9B}"
EndProject
Project("{2150E333-8FDC-42A3-9474-1A3956D46DE8}") = "Cores", "Cores", "{EA4FAF21-E6B1-4D65-B288-39E0C93E1792}"
EndProject
Project("{2150E333-8FDC-42A3-9474-1A3956D46DE8}") = "Infrastructure", "Infrastructure", "{4AB94303-E43C-42BB-9D4B-D3601ABD8501}"
EndProject
Project("{2150E333-8FDC-42A3-9474-1A3956D46DE8}") = "Presentation", "Presentation", "{68D1E8E3-7C9F-4D93-8461-5C0923B42937}"
EndProject
Project("{9A19103F-16F7-4668-BE54-9A1E7A4F7556}") = "Rangen.Application", "Application\Rangen.Application.csproj", "{D4042E7E-0FDE-429D-BAEE-76B402A45BF8}"
EndProject
Project("{9A19103F-16F7-4668-BE54-9A1E7A4F7556}") = "Rangen.Common", "Common\Rangen.Common.csproj", "{5009B8F7-33D5-4FF0-B394-15552A2F15B0}"
EndProject
Project("{9A19103F-16F7-4668-BE54-9A1E7A4F7556}") = "Rangen.Domain", "Domain\Rangen.Domain.csproj", "{9FF0BB32-CF30-4938-AF0C-4DD5EDD7FD61}"
EndProject
Project("{9A19103F-16F7-4668-BE54-9A1E7A4F7556}") = "Rangen.Infrastructure", "Infrastructuree\Rangen.Infrastructure.csproj", "{A56C2FC4-F9AA-4F3F-98DF-13CFD3FF21DE}"
EndProject
Project("{9A19103F-16F7-4668-BE54-9A1E7A4F7556}") = "Rangen.Persistence", "Persistence\Rangen.Persistence.csproj", "{3D207078-DE65-4B31-951B-CE22652C99D6}"
EndProject
Project("{9A19103F-16F7-4668-BE54-9A1E7A4F7556}") = "Rangen.WebUI", "WebUI\Rangen.WebUI.csproj", "{C7BC4890-9769-44B5-9B64-E7CD5407D87F}"
EndProject
Project("{9A19103F-16F7-4668-BE54-9A1E7A4F7556}") = "Rangen.Application.UnitTests", "Application.UnitTests\Rangen.Application.UnitTests.csproj", "{B64FEB4C-74E3-45D0-A575-6E54187771E3}"
EndProject
Project("{9A19103F-16F7-4668-BE54-9A1E7A4F7556}") = "Rangen.Domain.UnitTests", "Domain.UnitTests\Rangen.Domain.UnitTests.csproj", "{48543665-233A-438B-9053-65493B7074AF}"
EndProject
Project("{9A19103F-16F7-4668-BE54-9A1E7A4F7556}") = "Rangen.Persistence.IntegrationTests", "Persistence.IntegrationTests\Rangen.Persistence.IntegrationTests.csproj", "{FB3CF7DB-256F-4800-BEFF-6409E0A9182B}"
EndProject
Project("{9A19103F-16F7-4668-BE54-9A1E7A4F7556}") = "Rangen.DataSeed", "DataSeed\Rangen.DataSeed.csproj", "{9B15C5E2-AA4E-4397-A6CB-E466BF7FF9F9}"
EndProject
Global
	GlobalSection(SolutionConfigurationPlatforms) = preSolution
		Debug|Any CPU = Debug|Any CPU
		Release|Any CPU = Release|Any CPU
	EndGlobalSection
	GlobalSection(ProjectConfigurationPlatforms) = postSolution
		{D4042E7E-0FDE-429D-BAEE-76B402A45BF8}.Debug|Any CPU.ActiveCfg = Debug|Any CPU
		{D4042E7E-0FDE-429D-BAEE-76B402A45BF8}.Debug|Any CPU.Build.0 = Debug|Any CPU
		{D4042E7E-0FDE-429D-BAEE-76B402A45BF8}.Release|Any CPU.ActiveCfg = Release|Any CPU
		{D4042E7E-0FDE-429D-BAEE-76B402A45BF8}.Release|Any CPU.Build.0 = Release|Any CPU
		{5009B8F7-33D5-4FF0-B394-15552A2F15B0}.Debug|Any CPU.ActiveCfg = Debug|Any CPU
		{5009B8F7-33D5-4FF0-B394-15552A2F15B0}.Debug|Any CPU.Build.0 = Debug|Any CPU
		{5009B8F7-33D5-4FF0-B394-15552A2F15B0}.Release|Any CPU.ActiveCfg = Release|Any CPU
		{5009B8F7-33D5-4FF0-B394-15552A2F15B0}.Release|Any CPU.Build.0 = Release|Any CPU
		{9FF0BB32-CF30-4938-AF0C-4DD5EDD7FD61}.Debug|Any CPU.ActiveCfg = Debug|Any CPU
		{9FF0BB32-CF30-4938-AF0C-4DD5EDD7FD61}.Debug|Any CPU.Build.0 = Debug|Any CPU
		{9FF0BB32-CF30-4938-AF0C-4DD5EDD7FD61}.Release|Any CPU.ActiveCfg = Release|Any CPU
		{9FF0BB32-CF30-4938-AF0C-4DD5EDD7FD61}.Release|Any CPU.Build.0 = Release|Any CPU
		{A56C2FC4-F9AA-4F3F-98DF-13CFD3FF21DE}.Debug|Any CPU.ActiveCfg = Debug|Any CPU
		{A56C2FC4-F9AA-4F3F-98DF-13CFD3FF21DE}.Debug|Any CPU.Build.0 = Debug|Any CPU
		{A56C2FC4-F9AA-4F3F-98DF-13CFD3FF21DE}.Release|Any CPU.ActiveCfg = Release|Any CPU
		{A56C2FC4-F9AA-4F3F-98DF-13CFD3FF21DE}.Release|Any CPU.Build.0 = Release|Any CPU
		{3D207078-DE65-4B31-951B-CE22652C99D6}.Debug|Any CPU.ActiveCfg = Debug|Any CPU
		{3D207078-DE65-4B31-951B-CE22652C99D6}.Debug|Any CPU.Build.0 = Debug|Any CPU
		{3D207078-DE65-4B31-951B-CE22652C99D6}.Release|Any CPU.ActiveCfg = Release|Any CPU
		{3D207078-DE65-4B31-951B-CE22652C99D6}.Release|Any CPU.Build.0 = Release|Any CPU
		{C7BC4890-9769-44B5-9B64-E7CD5407D87F}.Debug|Any CPU.ActiveCfg = Debug|Any CPU
		{C7BC4890-9769-44B5-9B64-E7CD5407D87F}.Debug|Any CPU.Build.0 = Debug|Any CPU
		{C7BC4890-9769-44B5-9B64-E7CD5407D87F}.Release|Any CPU.ActiveCfg = Release|Any CPU
		{C7BC4890-9769-44B5-9B64-E7CD5407D87F}.Release|Any CPU.Build.0 = Release|Any CPU
		{B64FEB4C-74E3-45D0-A575-6E54187771E3}.Debug|Any CPU.ActiveCfg = Debug|Any CPU
		{B64FEB4C-74E3-45D0-A575-6E54187771E3}.Debug|Any CPU.Build.0 = Debug|Any CPU
		{B64FEB4C-74E3-45D0-A575-6E54187771E3}.Release|Any CPU.ActiveCfg = Release|Any CPU
		{B64FEB4C-74E3-45D0-A575-6E54187771E3}.Release|Any CPU.Build.0 = Release|Any CPU
		{48543665-233A-438B-9053-65493B7074AF}.Debug|Any CPU.ActiveCfg = Debug|Any CPU
		{48543665-233A-438B-9053-65493B7074AF}.Debug|Any CPU.Build.0 = Debug|Any CPU
		{48543665-233A-438B-9053-65493B7074AF}.Release|Any CPU.ActiveCfg = Release|Any CPU
		{48543665-233A-438B-9053-65493B7074AF}.Release|Any CPU.Build.0 = Release|Any CPU
		{FB3CF7DB-256F-4800-BEFF-6409E0A9182B}.Debug|Any CPU.ActiveCfg = Debug|Any CPU
		{FB3CF7DB-256F-4800-BEFF-6409E0A9182B}.Debug|Any CPU.Build.0 = Debug|Any CPU
		{FB3CF7DB-256F-4800-BEFF-6409E0A9182B}.Release|Any CPU.ActiveCfg = Release|Any CPU
		{FB3CF7DB-256F-4800-BEFF-6409E0A9182B}.Release|Any CPU.Build.0 = Release|Any CPU
		{9B15C5E2-AA4E-4397-A6CB-E466BF7FF9F9}.Debug|Any CPU.ActiveCfg = Debug|Any CPU
		{9B15C5E2-AA4E-4397-A6CB-E466BF7FF9F9}.Debug|Any CPU.Build.0 = Debug|Any CPU
		{9B15C5E2-AA4E-4397-A6CB-E466BF7FF9F9}.Release|Any CPU.ActiveCfg = Release|Any CPU
		{9B15C5E2-AA4E-4397-A6CB-E466BF7FF9F9}.Release|Any CPU.Build.0 = Release|Any CPU
	EndGlobalSection
	GlobalSection(SolutionProperties) = preSolution
		HideSolutionNode = FALSE
	EndGlobalSection
	GlobalSection(NestedProjects) = preSolution
		{EA4FAF21-E6B1-4D65-B288-39E0C93E1792} = {29144540-8D06-4188-8725-C0991EFFD02C}
		{4AB94303-E43C-42BB-9D4B-D3601ABD8501} = {29144540-8D06-4188-8725-C0991EFFD02C}
		{68D1E8E3-7C9F-4D93-8461-5C0923B42937} = {29144540-8D06-4188-8725-C0991EFFD02C}
		{D4042E7E-0FDE-429D-BAEE-76B402A45BF8} = {EA4FAF21-E6B1-4D65-B288-39E0C93E1792}
		{5009B8F7-33D5-4FF0-B394-15552A2F15B0} = {EA4FAF21-E6B1-4D65-B288-39E0C93E1792}
		{9FF0BB32-CF30-4938-AF0C-4DD5EDD7FD61} = {EA4FAF21-E6B1-4D65-B288-39E0C93E1792}
		{A56C2FC4-F9AA-4F3F-98DF-13CFD3FF21DE} = {4AB94303-E43C-42BB-9D4B-D3601ABD8501}
		{3D207078-DE65-4B31-951B-CE22652C99D6} = {4AB94303-E43C-42BB-9D4B-D3601ABD8501}
		{C7BC4890-9769-44B5-9B64-E7CD5407D87F} = {68D1E8E3-7C9F-4D93-8461-5C0923B42937}
		{B64FEB4C-74E3-45D0-A575-6E54187771E3} = {0A961049-1604-4476-90C2-9F6706D42E9B}
		{48543665-233A-438B-9053-65493B7074AF} = {0A961049-1604-4476-90C2-9F6706D42E9B}
		{FB3CF7DB-256F-4800-BEFF-6409E0A9182B} = {0A961049-1604-4476-90C2-9F6706D42E9B}
		{9B15C5E2-AA4E-4397-A6CB-E466BF7FF9F9} = {EA4FAF21-E6B1-4D65-B288-39E0C93E1792}
	EndGlobalSection
	GlobalSection(ExtensibilityGlobals) = postSolution
		SolutionGuid = {394FB78D-D122-46FA-8FE3-D453D18D1D14}
	EndGlobalSection
EndGlobal
